
Microsoft Visual Studio Solution File, Format Version 12.00
# Visual Studio Version 17
VisualStudioVersion = 17.9.34728.123
MinimumVisualStudioVersion = 10.0.40219.1
Project("{9A19103F-16F7-4668-BE54-9A1E7A4F7556}") = "CustomStack", "CustomStack\CustomStack.csproj", "{9BA037DF-DC2B-4D64-AE1B-FE664E21691C}"
EndProject
Project("{FAE04EC0-301F-11D3-BF4B-00C04F79EFBC}") = "RevertString", "RevertString\RevertString.csproj", "{5C913FB7-7B8F-4F85-904D-F64A2908880B}"
EndProject
Global
	GlobalSection(SolutionConfigurationPlatforms) = preSolution
		Debug|Any CPU = Debug|Any CPU
		Release|Any CPU = Release|Any CPU
	EndGlobalSection
	GlobalSection(ProjectConfigurationPlatforms) = postSolution
		{9BA037DF-DC2B-4D64-AE1B-FE664E21691C}.Debug|Any CPU.ActiveCfg = Debug|Any CPU
		{9BA037DF-DC2B-4D64-AE1B-FE664E21691C}.Debug|Any CPU.Build.0 = Debug|Any CPU
		{9BA037DF-DC2B-4D64-AE1B-FE664E21691C}.Release|Any CPU.ActiveCfg = Release|Any CPU
		{9BA037DF-DC2B-4D64-AE1B-FE664E21691C}.Release|Any CPU.Build.0 = Release|Any CPU
		{5C913FB7-7B8F-4F85-904D-F64A2908880B}.Debug|Any CPU.ActiveCfg = Debug|Any CPU
		{5C913FB7-7B8F-4F85-904D-F64A2908880B}.Debug|Any CPU.Build.0 = Debug|Any CPU
		{5C913FB7-7B8F-4F85-904D-F64A2908880B}.Release|Any CPU.ActiveCfg = Release|Any CPU
		{5C913FB7-7B8F-4F85-904D-F64A2908880B}.Release|Any CPU.Build.0 = Release|Any CPU
	EndGlobalSection
	GlobalSection(SolutionProperties) = preSolution
		HideSolutionNode = FALSE
	EndGlobalSection
	GlobalSection(ExtensibilityGlobals) = postSolution
		SolutionGuid = {03DFBA1B-B085-42CF-942F-37A5C7DB8BD2}
	EndGlobalSection
EndGlobal
